
Microsoft Visual Studio Solution File, Format Version 12.00
# Visual Studio Version 17
VisualStudioVersion = 17.4.33205.214
MinimumVisualStudioVersion = 10.0.40219.1
Project("{9092AA53-FB77-4645-B42D-1CCCA6BD08BD}") = "DentAI_Web_Application", "DentAI_Web_Application.njsproj", "{4C1C8F9E-6AC2-4A02-B154-70388B72F3CA}"
EndProject
Global
	GlobalSection(SolutionConfigurationPlatforms) = preSolution
		Debug|Any CPU = Debug|Any CPU
		Release|Any CPU = Release|Any CPU
	EndGlobalSection
	GlobalSection(ProjectConfigurationPlatforms) = postSolution
		{4C1C8F9E-6AC2-4A02-B154-70388B72F3CA}.Debug|Any CPU.ActiveCfg = Debug|Any CPU
		{4C1C8F9E-6AC2-4A02-B154-70388B72F3CA}.Debug|Any CPU.Build.0 = Debug|Any CPU
		{4C1C8F9E-6AC2-4A02-B154-70388B72F3CA}.Release|Any CPU.ActiveCfg = Release|Any CPU
		{4C1C8F9E-6AC2-4A02-B154-70388B72F3CA}.Release|Any CPU.Build.0 = Release|Any CPU
	EndGlobalSection
	GlobalSection(SolutionProperties) = preSolution
		HideSolutionNode = FALSE
	EndGlobalSection
	GlobalSection(ExtensibilityGlobals) = postSolution
		SolutionGuid = {FCE42595-504E-44EA-955B-0F47F58E9BCB}
	EndGlobalSection
EndGlobal
